
Microsoft Visual Studio Solution File, Format Version 12.00
# Visual Studio Version 17
VisualStudioVersion = 17.5.002.0
MinimumVisualStudioVersion = 10.0.40219.1
Project("{9A19103F-16F7-4668-BE54-9A1E7A4F7556}") = "AppointmentApi", "AppointmentApi\AppointmentApi.csproj", "{D915FEB7-8A0C-4A97-9B34-FBA291C4B0E6}"
EndProject
Global
	GlobalSection(SolutionConfigurationPlatforms) = preSolution
		Debug|Any CPU = Debug|Any CPU
		Release|Any CPU = Release|Any CPU
	EndGlobalSection
	GlobalSection(ProjectConfigurationPlatforms) = postSolution
		{D915FEB7-8A0C-4A97-9B34-FBA291C4B0E6}.Debug|Any CPU.ActiveCfg = Debug|Any CPU
		{D915FEB7-8A0C-4A97-9B34-FBA291C4B0E6}.Debug|Any CPU.Build.0 = Debug|Any CPU
		{D915FEB7-8A0C-4A97-9B34-FBA291C4B0E6}.Release|Any CPU.ActiveCfg = Release|Any CPU
		{D915FEB7-8A0C-4A97-9B34-FBA291C4B0E6}.Release|Any CPU.Build.0 = Release|Any CPU
	EndGlobalSection
	GlobalSection(SolutionProperties) = preSolution
		HideSolutionNode = FALSE
	EndGlobalSection
	GlobalSection(ExtensibilityGlobals) = postSolution
		SolutionGuid = {9B9B5213-EA5D-4F7D-9BCD-1AD936697078}
	EndGlobalSection
EndGlobal
